
Microsoft Visual Studio Solution File, Format Version 12.00
# Visual Studio Version 17
VisualStudioVersion = 17.8.34601.278
MinimumVisualStudioVersion = 10.0.40219.1
Project("{9A19103F-16F7-4668-BE54-9A1E7A4F7556}") = "FastReportsTest", "FastReportsTest.csproj", "{5CD5AD69-F1B2-4783-B193-D597BC87B668}"
EndProject
Global
	GlobalSection(SolutionConfigurationPlatforms) = preSolution
		Debug|Any CPU = Debug|Any CPU
		Release|Any CPU = Release|Any CPU
	EndGlobalSection
	GlobalSection(ProjectConfigurationPlatforms) = postSolution
		{5CD5AD69-F1B2-4783-B193-D597BC87B668}.Debug|Any CPU.ActiveCfg = Debug|Any CPU
		{5CD5AD69-F1B2-4783-B193-D597BC87B668}.Debug|Any CPU.Build.0 = Debug|Any CPU
		{5CD5AD69-F1B2-4783-B193-D597BC87B668}.Release|Any CPU.ActiveCfg = Release|Any CPU
		{5CD5AD69-F1B2-4783-B193-D597BC87B668}.Release|Any CPU.Build.0 = Release|Any CPU
	EndGlobalSection
	GlobalSection(SolutionProperties) = preSolution
		HideSolutionNode = FALSE
	EndGlobalSection
	GlobalSection(ExtensibilityGlobals) = postSolution
		SolutionGuid = {E98D354B-7075-4F71-8654-29FF8729BA90}
	EndGlobalSection
EndGlobal
